
Microsoft Visual Studio Solution File, Format Version 12.00
# Visual Studio Version 16
VisualStudioVersion = 16.0.31205.134
MinimumVisualStudioVersion = 10.0.40219.1
Project("{FAE04EC0-301F-11D3-BF4B-00C04F79EFBC}") = "Clase-Practica", "Clase-Practica.csproj", "{D005AECE-7E56-4EF0-BD32-DA39C14D5E74}"
EndProject
Project("{FAE04EC0-301F-11D3-BF4B-00C04F79EFBC}") = "Solucion", "..\Solucion\Solucion.csproj", "{1FBAE491-31B6-4E3D-9FF3-DA5E2AF92878}"
EndProject
Global
	GlobalSection(SolutionConfigurationPlatforms) = preSolution
		Debug|Any CPU = Debug|Any CPU
		Release|Any CPU = Release|Any CPU
	EndGlobalSection
	GlobalSection(ProjectConfigurationPlatforms) = postSolution
		{D005AECE-7E56-4EF0-BD32-DA39C14D5E74}.Debug|Any CPU.ActiveCfg = Debug|Any CPU
		{D005AECE-7E56-4EF0-BD32-DA39C14D5E74}.Debug|Any CPU.Build.0 = Debug|Any CPU
		{D005AECE-7E56-4EF0-BD32-DA39C14D5E74}.Release|Any CPU.ActiveCfg = Release|Any CPU
		{D005AECE-7E56-4EF0-BD32-DA39C14D5E74}.Release|Any CPU.Build.0 = Release|Any CPU
		{1FBAE491-31B6-4E3D-9FF3-DA5E2AF92878}.Debug|Any CPU.ActiveCfg = Debug|Any CPU
		{1FBAE491-31B6-4E3D-9FF3-DA5E2AF92878}.Debug|Any CPU.Build.0 = Debug|Any CPU
		{1FBAE491-31B6-4E3D-9FF3-DA5E2AF92878}.Release|Any CPU.ActiveCfg = Release|Any CPU
		{1FBAE491-31B6-4E3D-9FF3-DA5E2AF92878}.Release|Any CPU.Build.0 = Release|Any CPU
	EndGlobalSection
	GlobalSection(SolutionProperties) = preSolution
		HideSolutionNode = FALSE
	EndGlobalSection
	GlobalSection(ExtensibilityGlobals) = postSolution
		SolutionGuid = {54976115-30D3-4FC5-8869-663D9C1A74E5}
	EndGlobalSection
EndGlobal
